
Microsoft Visual Studio Solution File, Format Version 12.00
# Visual Studio 14
VisualStudioVersion = 14.0.25420.1
MinimumVisualStudioVersion = 10.0.40219.1
Project("{FAE04EC0-301F-11D3-BF4B-00C04F79EFBC}") = "XamarinFormsPrism", "XamarinFormsPrism\XamarinFormsPrism\XamarinFormsPrism.csproj", "{E3EE8C73-52CC-4E7E-BCB8-60D70165DEFB}"
EndProject
Project("{FAE04EC0-301F-11D3-BF4B-00C04F79EFBC}") = "XamarinFormsPrism.Droid", "XamarinFormsPrism\XamarinFormsPrism.Droid\XamarinFormsPrism.Droid.csproj", "{FC7A08BD-FDF9-45A9-9236-CBE8F8D26585}"
EndProject
Project("{FAE04EC0-301F-11D3-BF4B-00C04F79EFBC}") = "XamarinFormsPrism.iOS", "XamarinFormsPrism\XamarinFormsPrism.iOS\XamarinFormsPrism.iOS.csproj", "{62F4CF4B-DFCE-44B1-BB18-15789A9397CE}"
EndProject
Global
	GlobalSection(SolutionConfigurationPlatforms) = preSolution
		Ad-Hoc|Any CPU = Ad-Hoc|Any CPU
		Ad-Hoc|iPhone = Ad-Hoc|iPhone
		Ad-Hoc|iPhoneSimulator = Ad-Hoc|iPhoneSimulator
		AppStore|Any CPU = AppStore|Any CPU
		AppStore|iPhone = AppStore|iPhone
		AppStore|iPhoneSimulator = AppStore|iPhoneSimulator
		Debug|Any CPU = Debug|Any CPU
		Debug|iPhone = Debug|iPhone
		Debug|iPhoneSimulator = Debug|iPhoneSimulator
		Release|Any CPU = Release|Any CPU
		Release|iPhone = Release|iPhone
		Release|iPhoneSimulator = Release|iPhoneSimulator
	EndGlobalSection
	GlobalSection(ProjectConfigurationPlatforms) = postSolution
		{E3EE8C73-52CC-4E7E-BCB8-60D70165DEFB}.Ad-Hoc|Any CPU.ActiveCfg = Release|Any CPU
		{E3EE8C73-52CC-4E7E-BCB8-60D70165DEFB}.Ad-Hoc|Any CPU.Build.0 = Release|Any CPU
		{E3EE8C73-52CC-4E7E-BCB8-60D70165DEFB}.Ad-Hoc|iPhone.ActiveCfg = Release|Any CPU
		{E3EE8C73-52CC-4E7E-BCB8-60D70165DEFB}.Ad-Hoc|iPhone.Build.0 = Release|Any CPU
		{E3EE8C73-52CC-4E7E-BCB8-60D70165DEFB}.Ad-Hoc|iPhoneSimulator.ActiveCfg = Release|Any CPU
		{E3EE8C73-52CC-4E7E-BCB8-60D70165DEFB}.Ad-Hoc|iPhoneSimulator.Build.0 = Release|Any CPU
		{E3EE8C73-52CC-4E7E-BCB8-60D70165DEFB}.AppStore|Any CPU.ActiveCfg = Release|Any CPU
		{E3EE8C73-52CC-4E7E-BCB8-60D70165DEFB}.AppStore|Any CPU.Build.0 = Release|Any CPU
		{E3EE8C73-52CC-4E7E-BCB8-60D70165DEFB}.AppStore|iPhone.ActiveCfg = Release|Any CPU
		{E3EE8C73-52CC-4E7E-BCB8-60D70165DEFB}.AppStore|iPhone.Build.0 = Release|Any CPU
		{E3EE8C73-52CC-4E7E-BCB8-60D70165DEFB}.AppStore|iPhoneSimulator.ActiveCfg = Release|Any CPU
		{E3EE8C73-52CC-4E7E-BCB8-60D70165DEFB}.AppStore|iPhoneSimulator.Build.0 = Release|Any CPU
		{E3EE8C73-52CC-4E7E-BCB8-60D70165DEFB}.Debug|Any CPU.ActiveCfg = Debug|Any CPU
		{E3EE8C73-52CC-4E7E-BCB8-60D70165DEFB}.Debug|Any CPU.Build.0 = Debug|Any CPU
		{E3EE8C73-52CC-4E7E-BCB8-60D70165DEFB}.Debug|iPhone.ActiveCfg = Debug|Any CPU
		{E3EE8C73-52CC-4E7E-BCB8-60D70165DEFB}.Debug|iPhone.Build.0 = Debug|Any CPU
		{E3EE8C73-52CC-4E7E-BCB8-60D70165DEFB}.Debug|iPhoneSimulator.ActiveCfg = Debug|Any CPU
		{E3EE8C73-52CC-4E7E-BCB8-60D70165DEFB}.Debug|iPhoneSimulator.Build.0 = Debug|Any CPU
		{E3EE8C73-52CC-4E7E-BCB8-60D70165DEFB}.Release|Any CPU.ActiveCfg = Release|Any CPU
		{E3EE8C73-52CC-4E7E-BCB8-60D70165DEFB}.Release|Any CPU.Build.0 = Release|Any CPU
		{E3EE8C73-52CC-4E7E-BCB8-60D70165DEFB}.Release|iPhone.ActiveCfg = Release|Any CPU
		{E3EE8C73-52CC-4E7E-BCB8-60D70165DEFB}.Release|iPhone.Build.0 = Release|Any CPU
		{E3EE8C73-52CC-4E7E-BCB8-60D70165DEFB}.Release|iPhoneSimulator.ActiveCfg = Release|Any CPU
		{E3EE8C73-52CC-4E7E-BCB8-60D70165DEFB}.Release|iPhoneSimulator.Build.0 = Release|Any CPU
		{FC7A08BD-FDF9-45A9-9236-CBE8F8D26585}.Ad-Hoc|Any CPU.ActiveCfg = Release|Any CPU
		{FC7A08BD-FDF9-45A9-9236-CBE8F8D26585}.Ad-Hoc|Any CPU.Build.0 = Release|Any CPU
		{FC7A08BD-FDF9-45A9-9236-CBE8F8D26585}.Ad-Hoc|Any CPU.Deploy.0 = Release|Any CPU
		{FC7A08BD-FDF9-45A9-9236-CBE8F8D26585}.Ad-Hoc|iPhone.ActiveCfg = Release|Any CPU
		{FC7A08BD-FDF9-45A9-9236-CBE8F8D26585}.Ad-Hoc|iPhone.Build.0 = Release|Any CPU
		{FC7A08BD-FDF9-45A9-9236-CBE8F8D26585}.Ad-Hoc|iPhone.Deploy.0 = Release|Any CPU
		{FC7A08BD-FDF9-45A9-9236-CBE8F8D26585}.Ad-Hoc|iPhoneSimulator.ActiveCfg = Release|Any CPU
		{FC7A08BD-FDF9-45A9-9236-CBE8F8D26585}.Ad-Hoc|iPhoneSimulator.Build.0 = Release|Any CPU
		{FC7A08BD-FDF9-45A9-9236-CBE8F8D26585}.Ad-Hoc|iPhoneSimulator.Deploy.0 = Release|Any CPU
		{FC7A08BD-FDF9-45A9-9236-CBE8F8D26585}.AppStore|Any CPU.ActiveCfg = Release|Any CPU
		{FC7A08BD-FDF9-45A9-9236-CBE8F8D26585}.AppStore|Any CPU.Build.0 = Release|Any CPU
		{FC7A08BD-FDF9-45A9-9236-CBE8F8D26585}.AppStore|Any CPU.Deploy.0 = Release|Any CPU
		{FC7A08BD-FDF9-45A9-9236-CBE8F8D26585}.AppStore|iPhone.ActiveCfg = Release|Any CPU
		{FC7A08BD-FDF9-45A9-9236-CBE8F8D26585}.AppStore|iPhone.Build.0 = Release|Any CPU
		{FC7A08BD-FDF9-45A9-9236-CBE8F8D26585}.AppStore|iPhone.Deploy.0 = Release|Any CPU
		{FC7A08BD-FDF9-45A9-9236-CBE8F8D26585}.AppStore|iPhoneSimulator.ActiveCfg = Release|Any CPU
		{FC7A08BD-FDF9-45A9-9236-CBE8F8D26585}.AppStore|iPhoneSimulator.Build.0 = Release|Any CPU
		{FC7A08BD-FDF9-45A9-9236-CBE8F8D26585}.AppStore|iPhoneSimulator.Deploy.0 = Release|Any CPU
		{FC7A08BD-FDF9-45A9-9236-CBE8F8D26585}.Debug|Any CPU.ActiveCfg = Debug|Any CPU
		{FC7A08BD-FDF9-45A9-9236-CBE8F8D26585}.Debug|Any CPU.Build.0 = Debug|Any CPU
		{FC7A08BD-FDF9-45A9-9236-CBE8F8D26585}.Debug|Any CPU.Deploy.0 = Debug|Any CPU
		{FC7A08BD-FDF9-45A9-9236-CBE8F8D26585}.Debug|iPhone.ActiveCfg = Debug|Any CPU
		{FC7A08BD-FDF9-45A9-9236-CBE8F8D26585}.Debug|iPhone.Build.0 = Debug|Any CPU
		{FC7A08BD-FDF9-45A9-9236-CBE8F8D26585}.Debug|iPhone.Deploy.0 = Debug|Any CPU
		{FC7A08BD-FDF9-45A9-9236-CBE8F8D26585}.Debug|iPhoneSimulator.ActiveCfg = Debug|Any CPU
		{FC7A08BD-FDF9-45A9-9236-CBE8F8D26585}.Debug|iPhoneSimulator.Build.0 = Debug|Any CPU
		{FC7A08BD-FDF9-45A9-9236-CBE8F8D26585}.Debug|iPhoneSimulator.Deploy.0 = Debug|Any CPU
		{FC7A08BD-FDF9-45A9-9236-CBE8F8D26585}.Release|Any CPU.ActiveCfg = Release|Any CPU
		{FC7A08BD-FDF9-45A9-9236-CBE8F8D26585}.Release|Any CPU.Build.0 = Release|Any CPU
		{FC7A08BD-FDF9-45A9-9236-CBE8F8D26585}.Release|Any CPU.Deploy.0 = Release|Any CPU
		{FC7A08BD-FDF9-45A9-9236-CBE8F8D26585}.Release|iPhone.ActiveCfg = Release|Any CPU
		{FC7A08BD-FDF9-45A9-9236-CBE8F8D26585}.Release|iPhone.Build.0 = Release|Any CPU
		{FC7A08BD-FDF9-45A9-9236-CBE8F8D26585}.Release|iPhone.Deploy.0 = Release|Any CPU
		{FC7A08BD-FDF9-45A9-9236-CBE8F8D26585}.Release|iPhoneSimulator.ActiveCfg = Release|Any CPU
		{FC7A08BD-FDF9-45A9-9236-CBE8F8D26585}.Release|iPhoneSimulator.Build.0 = Release|Any CPU
		{FC7A08BD-FDF9-45A9-9236-CBE8F8D26585}.Release|iPhoneSimulator.Deploy.0 = Release|Any CPU
		{62F4CF4B-DFCE-44B1-BB18-15789A9397CE}.Ad-Hoc|Any CPU.ActiveCfg = Ad-Hoc|iPhone
		{62F4CF4B-DFCE-44B1-BB18-15789A9397CE}.Ad-Hoc|iPhone.ActiveCfg = Ad-Hoc|iPhone
		{62F4CF4B-DFCE-44B1-BB18-15789A9397CE}.Ad-Hoc|iPhone.Build.0 = Ad-Hoc|iPhone
		{62F4CF4B-DFCE-44B1-BB18-15789A9397CE}.Ad-Hoc|iPhoneSimulator.ActiveCfg = Ad-Hoc|iPhoneSimulator
		{62F4CF4B-DFCE-44B1-BB18-15789A9397CE}.Ad-Hoc|iPhoneSimulator.Build.0 = Ad-Hoc|iPhoneSimulator
		{62F4CF4B-DFCE-44B1-BB18-15789A9397CE}.AppStore|Any CPU.ActiveCfg = AppStore|iPhone
		{62F4CF4B-DFCE-44B1-BB18-15789A9397CE}.AppStore|iPhone.ActiveCfg = AppStore|iPhone
		{62F4CF4B-DFCE-44B1-BB18-15789A9397CE}.AppStore|iPhone.Build.0 = AppStore|iPhone
		{62F4CF4B-DFCE-44B1-BB18-15789A9397CE}.AppStore|iPhoneSimulator.ActiveCfg = AppStore|iPhoneSimulator
		{62F4CF4B-DFCE-44B1-BB18-15789A9397CE}.AppStore|iPhoneSimulator.Build.0 = AppStore|iPhoneSimulator
		{62F4CF4B-DFCE-44B1-BB18-15789A9397CE}.Debug|Any CPU.ActiveCfg = Debug|iPhoneSimulator
		{62F4CF4B-DFCE-44B1-BB18-15789A9397CE}.Debug|Any CPU.Build.0 = Debug|iPhoneSimulator
		{62F4CF4B-DFCE-44B1-BB18-15789A9397CE}.Debug|iPhone.ActiveCfg = Debug|iPhone
		{62F4CF4B-DFCE-44B1-BB18-15789A9397CE}.Debug|iPhone.Build.0 = Debug|iPhone
		{62F4CF4B-DFCE-44B1-BB18-15789A9397CE}.Debug|iPhoneSimulator.ActiveCfg = Debug|iPhoneSimulator
		{62F4CF4B-DFCE-44B1-BB18-15789A9397CE}.Debug|iPhoneSimulator.Build.0 = Debug|iPhoneSimulator
		{62F4CF4B-DFCE-44B1-BB18-15789A9397CE}.Release|Any CPU.ActiveCfg = Release|iPhone
		{62F4CF4B-DFCE-44B1-BB18-15789A9397CE}.Release|iPhone.ActiveCfg = Release|iPhone
		{62F4CF4B-DFCE-44B1-BB18-15789A9397CE}.Release|iPhone.Build.0 = Release|iPhone
		{62F4CF4B-DFCE-44B1-BB18-15789A9397CE}.Release|iPhoneSimulator.ActiveCfg = Release|iPhoneSimulator
		{62F4CF4B-DFCE-44B1-BB18-15789A9397CE}.Release|iPhoneSimulator.Build.0 = Release|iPhoneSimulator
	EndGlobalSection
	GlobalSection(SolutionProperties) = preSolution
		HideSolutionNode = FALSE
	EndGlobalSection
EndGlobal
